
Microsoft Visual Studio Solution File, Format Version 12.00
# Visual Studio Version 16
VisualStudioVersion = 16.0.30002.166
MinimumVisualStudioVersion = 10.0.40219.1
Project("{FAE04EC0-301F-11D3-BF4B-00C04F79EFBC}") = "dotnetwebtest", "dotnetwebtest\dotnetwebtest.csproj", "{9ACDA636-EF50-43E1-ABA0-305DA5ADDCB2}"
EndProject
Global
	GlobalSection(SolutionConfigurationPlatforms) = preSolution
		Debug|Any CPU = Debug|Any CPU
		Release|Any CPU = Release|Any CPU
	EndGlobalSection
	GlobalSection(ProjectConfigurationPlatforms) = postSolution
		{9ACDA636-EF50-43E1-ABA0-305DA5ADDCB2}.Debug|Any CPU.ActiveCfg = Debug|Any CPU
		{9ACDA636-EF50-43E1-ABA0-305DA5ADDCB2}.Debug|Any CPU.Build.0 = Debug|Any CPU
		{9ACDA636-EF50-43E1-ABA0-305DA5ADDCB2}.Release|Any CPU.ActiveCfg = Release|Any CPU
		{9ACDA636-EF50-43E1-ABA0-305DA5ADDCB2}.Release|Any CPU.Build.0 = Release|Any CPU
	EndGlobalSection
	GlobalSection(SolutionProperties) = preSolution
		HideSolutionNode = FALSE
	EndGlobalSection
	GlobalSection(ExtensibilityGlobals) = postSolution
		SolutionGuid = {F7AAE706-2A7E-41A8-AC6E-36C877C078AC}
	EndGlobalSection
EndGlobal
